# THIS IS AN AUTOGENERATED FILE. DO NOT EDIT THIS FILE DIRECTLY.
# yarn lockfile v1


"@turbo/darwin-64@2.9.6":
  version "2.9.6"
  resolved "https://registry.yarnpkg.com/@turbo/darwin-64/-/darwin-64-2.9.6.tgz#f244275f56285418c2ddc3297d6cc429db2ef7c6"
  integrity sha512-X/56SnVXIQZBLKwniGTwEQTGmtE5brSACnKMBWpY3YafuxVYefrC2acamfjgxP7BG5w3I+6jf0UrLoSzgPcSJg==

"@turbo/darwin-arm64@2.9.6":
  version "2.9.6"
  resolved "https://registry.yarnpkg.com/@turbo/darwin-arm64/-/darwin-arm64-2.9.6.tgz#1e48b9a443644cc951cd5e4093422114807a3e95"
  integrity sha512-aalBeSl4agT/QtYGDyf/XLajedWzUC9Vg/pm/YO6QQ93vkQ91Vz5uK1ta5RbVRDozQSz4njxUNqRNmOXDzW+qw==

"@turbo/linux-64@2.9.6":
  version "2.9.6"
  resolved "https://registry.yarnpkg.com/@turbo/linux-64/-/linux-64-2.9.6.tgz#cbd1cebf2a3daa0754904d7aa84669a1c5ab46be"
  integrity sha512-YKi05jnNHaD7vevgYwahpzGwbsNNTwzU2c7VZdmdFm7+cGDP4oREUWSsainiMfRqjRuolQxBwRn8wf1jmu+YZA==

"@turbo/linux-arm64@2.9.6":
  version "2.9.6"
  resolved "https://registry.yarnpkg.com/@turbo/linux-arm64/-/linux-arm64-2.9.6.tgz#15be0a0a23753e1e4feb9553dfd034e9623f8824"
  integrity sha512-02o/ZS69cOYEDczXvOB2xmyrtzjQ2hVFtWZK1iqxXUfzMmTjZK4UumrfNnjckSg+gqeBfnPRHa0NstA173Ik3g==

"@turbo/windows-64@2.9.6":
  version "2.9.6"
  resolved "https://registry.yarnpkg.com/@turbo/windows-64/-/windows-64-2.9.6.tgz#5a552383a9e180f15f1fa798ea183ac26a048656"
  integrity sha512-wVdQjvnBI15wB6JrA+43CtUtagjIMmX6XYO758oZHAsCNSxqRlJtdyujih0D8OCnwCRWiGWGI63zAxR0hO6s9g==

"@turbo/windows-arm64@2.9.6":
  version "2.9.6"
  resolved "https://registry.yarnpkg.com/@turbo/windows-arm64/-/windows-arm64-2.9.6.tgz#55d3b4fb556147705ad5a506f34a1d653f5613f5"
  integrity sha512-1XUUyWW0W6FTSqGEhU8RHVqb2wP1SPkr7hIvBlMEwH9jr+sJQK5kqeosLJ/QaUv4ecSAd1ZhIrLoW7qslAzT4A==

turbo@^2.9.6:
  version "2.9.6"
  resolved "https://registry.yarnpkg.com/turbo/-/turbo-2.9.6.tgz#45f0d8279215bca3154a9a882de61f912f152343"
  integrity sha512-+v2QJey7ZUeUiuigkU+uFfklvNUyPI2VO2vBpMYJA+a1hKFLFiKtUYlRHdb3P9CrAvMzi0upbjI4WT+zKtqkBg==
  optionalDependencies:
    "@turbo/darwin-64" "2.9.6"
    "@turbo/darwin-arm64" "2.9.6"
    "@turbo/linux-64" "2.9.6"
    "@turbo/linux-arm64" "2.9.6"
    "@turbo/windows-64" "2.9.6"
    "@turbo/windows-arm64" "2.9.6"
